
Microsoft Visual Studio Solution File, Format Version 12.00
# Visual Studio Version 17
VisualStudioVersion = 17.6.33723.286
MinimumVisualStudioVersion = 10.0.40219.1
Project("{FAE04EC0-301F-11D3-BF4B-00C04F79EFBC}") = "SushiStudioParser", "SushiStudioParser.csproj", "{AB0EF218-A2D5-429B-925F-D54D5CF043A3}"
EndProject
Global
	GlobalSection(SolutionConfigurationPlatforms) = preSolution
		Debug|Any CPU = Debug|Any CPU
		Release|Any CPU = Release|Any CPU
	EndGlobalSection
	GlobalSection(ProjectConfigurationPlatforms) = postSolution
		{AB0EF218-A2D5-429B-925F-D54D5CF043A3}.Debug|Any CPU.ActiveCfg = Debug|Any CPU
		{AB0EF218-A2D5-429B-925F-D54D5CF043A3}.Debug|Any CPU.Build.0 = Debug|Any CPU
		{AB0EF218-A2D5-429B-925F-D54D5CF043A3}.Release|Any CPU.ActiveCfg = Release|Any CPU
		{AB0EF218-A2D5-429B-925F-D54D5CF043A3}.Release|Any CPU.Build.0 = Release|Any CPU
	EndGlobalSection
	GlobalSection(SolutionProperties) = preSolution
		HideSolutionNode = FALSE
	EndGlobalSection
	GlobalSection(ExtensibilityGlobals) = postSolution
		SolutionGuid = {76AABEE3-6160-4EF7-909F-30F8565C8222}
	EndGlobalSection
EndGlobal
